
Microsoft Visual Studio Solution File, Format Version 12.00
# Visual Studio Version 17
VisualStudioVersion = 17.8.34525.116
MinimumVisualStudioVersion = 10.0.40219.1
Project("{FAE04EC0-301F-11D3-BF4B-00C04F79EFBC}") = "TCP_Client", "TCP_Client_Server\TCP_Client.csproj", "{46536978-2736-4588-9C34-90201BDBD3F9}"
EndProject
Project("{FAE04EC0-301F-11D3-BF4B-00C04F79EFBC}") = "TCP_Server", "TCP_Server\TCP_Server.csproj", "{923585AD-FE0E-4257-B13B-A54A2AAD1300}"
EndProject
Global
	GlobalSection(SolutionConfigurationPlatforms) = preSolution
		Debug|Any CPU = Debug|Any CPU
		Release|Any CPU = Release|Any CPU
	EndGlobalSection
	GlobalSection(ProjectConfigurationPlatforms) = postSolution
		{46536978-2736-4588-9C34-90201BDBD3F9}.Debug|Any CPU.ActiveCfg = Debug|Any CPU
		{46536978-2736-4588-9C34-90201BDBD3F9}.Debug|Any CPU.Build.0 = Debug|Any CPU
		{46536978-2736-4588-9C34-90201BDBD3F9}.Release|Any CPU.ActiveCfg = Release|Any CPU
		{46536978-2736-4588-9C34-90201BDBD3F9}.Release|Any CPU.Build.0 = Release|Any CPU
		{923585AD-FE0E-4257-B13B-A54A2AAD1300}.Debug|Any CPU.ActiveCfg = Debug|Any CPU
		{923585AD-FE0E-4257-B13B-A54A2AAD1300}.Debug|Any CPU.Build.0 = Debug|Any CPU
		{923585AD-FE0E-4257-B13B-A54A2AAD1300}.Release|Any CPU.ActiveCfg = Release|Any CPU
		{923585AD-FE0E-4257-B13B-A54A2AAD1300}.Release|Any CPU.Build.0 = Release|Any CPU
	EndGlobalSection
	GlobalSection(SolutionProperties) = preSolution
		HideSolutionNode = FALSE
	EndGlobalSection
	GlobalSection(ExtensibilityGlobals) = postSolution
		SolutionGuid = {074ACF84-5686-497B-8301-8080CB9AA396}
	EndGlobalSection
EndGlobal
